{
  "name": "app",
  "lockfileVersion": 3,
  "requires": true,
  "packages": {
    "": {
      "dependencies": {
        "dexie": "^4.4.6"
      }
    },
    "node_modules/dexie": {
      "version": "4.4.6",
      "resolved": "https://registry.npmjs.org/dexie/-/dexie-4.4.6.tgz",
      "integrity": "sha512-hJP/BO6mjB+tX6hToIO1kmxYLNmun90wYbfcoAoLpKEyDYal/k33dg0TAfoUe2TDsbbLoVIzljJ3BN2UbR5EOg==",
      "license": "Apache-2.0"
    }
  }
}
